
Microsoft Visual Studio Solution File, Format Version 12.00
# Visual Studio Version 16
VisualStudioVersion = 16.0.29728.190
MinimumVisualStudioVersion = 10.0.40219.1
Project("{FAE04EC0-301F-11D3-BF4B-00C04F79EFBC}") = "SmokeTests_SupplyChain", "SmokeTests_SupplyChain\SmokeTests_SupplyChain.csproj", "{7593A43E-E999-4C77-A71D-126417D5A49D}"
EndProject
Global
	GlobalSection(SolutionConfigurationPlatforms) = preSolution
		Debug|Any CPU = Debug|Any CPU
		Release|Any CPU = Release|Any CPU
	EndGlobalSection
	GlobalSection(ProjectConfigurationPlatforms) = postSolution
		{7593A43E-E999-4C77-A71D-126417D5A49D}.Debug|Any CPU.ActiveCfg = Debug|Any CPU
		{7593A43E-E999-4C77-A71D-126417D5A49D}.Debug|Any CPU.Build.0 = Debug|Any CPU
		{7593A43E-E999-4C77-A71D-126417D5A49D}.Release|Any CPU.ActiveCfg = Release|Any CPU
		{7593A43E-E999-4C77-A71D-126417D5A49D}.Release|Any CPU.Build.0 = Release|Any CPU
	EndGlobalSection
	GlobalSection(SolutionProperties) = preSolution
		HideSolutionNode = FALSE
	EndGlobalSection
	GlobalSection(ExtensibilityGlobals) = postSolution
		SolutionGuid = {5C97409F-E7FD-471F-AFA0-27041BB3438E}
	EndGlobalSection
EndGlobal
